
Microsoft Visual Studio Solution File, Format Version 12.00
# Visual Studio 14
VisualStudioVersion = 14.0.24720.0
MinimumVisualStudioVersion = 10.0.40219.1
Project("{FAE04EC0-301F-11D3-BF4B-00C04F79EFBC}") = "mysection3program", "mysection3program\mysection3program.csproj", "{756C76F0-7C4D-4916-A03B-DC5EC9E5539B}"
EndProject
Global
	GlobalSection(SolutionConfigurationPlatforms) = preSolution
		Debug|Any CPU = Debug|Any CPU
		Release|Any CPU = Release|Any CPU
	EndGlobalSection
	GlobalSection(ProjectConfigurationPlatforms) = postSolution
		{756C76F0-7C4D-4916-A03B-DC5EC9E5539B}.Debug|Any CPU.ActiveCfg = Debug|Any CPU
		{756C76F0-7C4D-4916-A03B-DC5EC9E5539B}.Debug|Any CPU.Build.0 = Debug|Any CPU
		{756C76F0-7C4D-4916-A03B-DC5EC9E5539B}.Release|Any CPU.ActiveCfg = Release|Any CPU
		{756C76F0-7C4D-4916-A03B-DC5EC9E5539B}.Release|Any CPU.Build.0 = Release|Any CPU
	EndGlobalSection
	GlobalSection(SolutionProperties) = preSolution
		HideSolutionNode = FALSE
	EndGlobalSection
EndGlobal
